
Microsoft Visual Studio Solution File, Format Version 11.00
# Visual Studio 2010
Project("{FAE04EC0-301F-11D3-BF4B-00C04F79EFBC}") = "Probability", "Probability\Probability.csproj", "{2EFC4623-62CB-4F2F-AC4F-A8263EABCFAC}"
EndProject
Global
	GlobalSection(SolutionConfigurationPlatforms) = preSolution
		Debug|x86 = Debug|x86
		Release|x86 = Release|x86
	EndGlobalSection
	GlobalSection(ProjectConfigurationPlatforms) = postSolution
		{2EFC4623-62CB-4F2F-AC4F-A8263EABCFAC}.Debug|x86.ActiveCfg = Debug|x86
		{2EFC4623-62CB-4F2F-AC4F-A8263EABCFAC}.Debug|x86.Build.0 = Debug|x86
		{2EFC4623-62CB-4F2F-AC4F-A8263EABCFAC}.Release|x86.ActiveCfg = Release|x86
		{2EFC4623-62CB-4F2F-AC4F-A8263EABCFAC}.Release|x86.Build.0 = Release|x86
	EndGlobalSection
	GlobalSection(SolutionProperties) = preSolution
		HideSolutionNode = FALSE
	EndGlobalSection
EndGlobal
